
Microsoft Visual Studio Solution File, Format Version 12.00
# Visual Studio Version 17
VisualStudioVersion = 17.1.32414.318
MinimumVisualStudioVersion = 10.0.40219.1
Project("{9A19103F-16F7-4668-BE54-9A1E7A4F7556}") = "WebApi", "WebApi\WebApi.csproj", "{55BEF43D-0D92-4C5C-BBF4-CF57B9475721}"
EndProject
Project("{2150E333-8FDC-42A3-9474-1A3956D46DE8}") = "ShoppingAPI", "ShoppingAPI", "{37030780-9B2F-420A-AA17-8E88813235D1}"
EndProject
Project("{2150E333-8FDC-42A3-9474-1A3956D46DE8}") = "Core", "Core", "{65907F24-D27D-462A-B937-BC205A8EE2A8}"
EndProject
Project("{2150E333-8FDC-42A3-9474-1A3956D46DE8}") = "Infrastructure", "Infrastructure", "{64CD26CD-0ED5-46D6-BF9F-CD090BC3A4A1}"
EndProject
Project("{2150E333-8FDC-42A3-9474-1A3956D46DE8}") = "WebApi", "WebApi", "{339474DE-8195-4C29-BFE1-752B4FD26C61}"
EndProject
Project("{9A19103F-16F7-4668-BE54-9A1E7A4F7556}") = "Domain", "Domain\Domain.csproj", "{5FB55033-4D82-4EA1-A869-AD8DBC6D1EFC}"
EndProject
Project("{9A19103F-16F7-4668-BE54-9A1E7A4F7556}") = "Application", "Application\Application.csproj", "{55C1B7AF-A7E0-4030-9958-9EEF02807B88}"
EndProject
Project("{9A19103F-16F7-4668-BE54-9A1E7A4F7556}") = "Infrastructure.Persistence", "Infrastructure.Persistence\Infrastructure.Persistence.csproj", "{092F3675-E841-486D-8F67-8A65E10B80F0}"
EndProject
Project("{2150E333-8FDC-42A3-9474-1A3956D46DE8}") = "AuthServer", "AuthServer", "{8054842D-1AFA-4424-A521-2AEE120E697D}"
EndProject
Project("{9A19103F-16F7-4668-BE54-9A1E7A4F7556}") = "AuthServer", "AuthServer\AuthServer.csproj", "{E41AED3B-0EA1-4E79-83DF-D76927230F90}"
EndProject
Project("{2150E333-8FDC-42A3-9474-1A3956D46DE8}") = "Services", "Services", "{AA3F1F9F-B349-4033-A6E8-DF4BB26CFCDC}"
EndProject
Project("{2150E333-8FDC-42A3-9474-1A3956D46DE8}") = "OrderService", "OrderService", "{B4AF12B0-1480-475E-B585-46861D5F9CA6}"
EndProject
Project("{2150E333-8FDC-42A3-9474-1A3956D46DE8}") = "Core", "Core", "{F0A54D3A-5CEF-45E4-8FFE-BA8C58FAA28D}"
EndProject
Project("{2150E333-8FDC-42A3-9474-1A3956D46DE8}") = "Infrastructure", "Infrastructure", "{21481C7F-264B-408A-92F2-533D197C8217}"
EndProject
Project("{9A19103F-16F7-4668-BE54-9A1E7A4F7556}") = "OrderService", "OrderService\OrderService\OrderService.csproj", "{7A57AC8B-40CF-46EC-B9A8-33A6FBD66ECF}"
EndProject
Project("{9A19103F-16F7-4668-BE54-9A1E7A4F7556}") = "OrderService.Domain", "OrderService\Domain\OrderService.Domain.csproj", "{139137B1-C87C-4EEB-B003-05D505D75CCB}"
EndProject
Project("{9A19103F-16F7-4668-BE54-9A1E7A4F7556}") = "OrderService.Application", "OrderService\Application\OrderService.Application.csproj", "{1A15A54F-87EE-4B5B-97F8-150FAF5C0546}"
EndProject
Project("{9A19103F-16F7-4668-BE54-9A1E7A4F7556}") = "OrderService.Infrastructure.Persistence", "OrderService\Infrastructure.Persistence\OrderService.Infrastructure.Persistence.csproj", "{7F7A05F8-EE6B-4422-B3ED-BE2D2A1F0BBC}"
EndProject
Project("{2150E333-8FDC-42A3-9474-1A3956D46DE8}") = "Common", "Common", "{6C7181E7-760E-4BE9-A5FF-C84DC8D23882}"
EndProject
Project("{9A19103F-16F7-4668-BE54-9A1E7A4F7556}") = "Common", "Common\Common.csproj", "{E0C4034B-7FF0-41BA-93A1-36A1BC0E7A49}"
EndProject
Project("{2150E333-8FDC-42A3-9474-1A3956D46DE8}") = "GlobalInfrastructure", "GlobalInfrastructure", "{0908D29D-CFC2-48E9-BD8D-ECACC15BF214}"
EndProject
Project("{9A19103F-16F7-4668-BE54-9A1E7A4F7556}") = "GlobalInfrastructure", "Infrastructure\GlobalInfrastructure.csproj", "{CA77C181-2887-4E83-A3E7-3C8084C917D0}"
EndProject
Project("{2150E333-8FDC-42A3-9474-1A3956D46DE8}") = "ReviewService", "ReviewService", "{294D5ABF-E1A2-4EAD-A91C-D39561F578DD}"
EndProject
Project("{2150E333-8FDC-42A3-9474-1A3956D46DE8}") = "Core", "Core", "{5E0902A7-E452-4ED3-A818-9C5E58ED9908}"
EndProject
Project("{2150E333-8FDC-42A3-9474-1A3956D46DE8}") = "Infrastructure", "Infrastructure", "{34AA75CC-1A1E-474D-82FB-0B7B85352C99}"
EndProject
Project("{FAE04EC0-301F-11D3-BF4B-00C04F79EFBC}") = "ReviewService.Domain", "ReviewService\Core\ReviewService.Domain\ReviewService.Domain.csproj", "{B2DBA301-E0FD-45AC-BB8B-E11C35D6C407}"
EndProject
Project("{FAE04EC0-301F-11D3-BF4B-00C04F79EFBC}") = "ReviewService.Application", "ReviewService\Core\ReviewService.Application\ReviewService.Application.csproj", "{18FB8D1B-84FA-45F1-BC4B-FE6FCB3F5A4A}"
EndProject
Project("{FAE04EC0-301F-11D3-BF4B-00C04F79EFBC}") = "ReviewService.Infrastructure.Persistence", "ReviewService\Infrastructure\ReviewService.Infrastructure.Persistence\ReviewService.Infrastructure.Persistence.csproj", "{116089DE-B605-4318-AA6A-1069A398E74F}"
EndProject
Project("{FAE04EC0-301F-11D3-BF4B-00C04F79EFBC}") = "ReviewService", "ReviewService\ReviewService\ReviewService.csproj", "{6FA54E42-C361-4618-9D4D-54C633CABA82}"
Project("{2150E333-8FDC-42A3-9474-1A3956D46DE8}") = "DiscountService", "DiscountService", "{6E951A80-F815-4E3B-9105-E0A8A30070FF}"
EndProject
Project("{9A19103F-16F7-4668-BE54-9A1E7A4F7556}") = "DiscountService", "DiscountService\DiscountService\DiscountService.csproj", "{66268B3C-51FB-49FA-8B25-47C67F0392F6}"
EndProject
Project("{2150E333-8FDC-42A3-9474-1A3956D46DE8}") = "Core", "Core", "{237C9331-95B4-4FBE-9DBB-7033E2A52CBC}"
EndProject
Project("{2150E333-8FDC-42A3-9474-1A3956D46DE8}") = "Infrastructure", "Infrastructure", "{C7B48838-C614-44CE-B023-0AA1E9FF0DA7}"
EndProject
Project("{9A19103F-16F7-4668-BE54-9A1E7A4F7556}") = "DiscountService.Application", "DiscountService\DiscountService.Application\DiscountService.Application.csproj", "{0FB9BA66-3F0D-4362-BCE3-C00B429A98B5}"
EndProject
Project("{9A19103F-16F7-4668-BE54-9A1E7A4F7556}") = "DiscountService.Domain", "DiscountService\DiscountService.Domain\DiscountService.Domain.csproj", "{D9C8A3BD-3B29-4529-A7F6-A87892B2C84E}"
EndProject
Project("{9A19103F-16F7-4668-BE54-9A1E7A4F7556}") = "DiscountService.Infrastructure.Persistence", "DiscountService\DiscountService.Infrastructure.Persistence\DiscountService.Infrastructure.Persistence.csproj", "{80C813E6-FDAA-4442-97A2-622B8C0CA453}"
EndProject
Global
	GlobalSection(SolutionConfigurationPlatforms) = preSolution
		Debug|Any CPU = Debug|Any CPU
		Release|Any CPU = Release|Any CPU
	EndGlobalSection
	GlobalSection(ProjectConfigurationPlatforms) = postSolution
		{55BEF43D-0D92-4C5C-BBF4-CF57B9475721}.Debug|Any CPU.ActiveCfg = Debug|Any CPU
		{55BEF43D-0D92-4C5C-BBF4-CF57B9475721}.Debug|Any CPU.Build.0 = Debug|Any CPU
		{55BEF43D-0D92-4C5C-BBF4-CF57B9475721}.Release|Any CPU.ActiveCfg = Release|Any CPU
		{55BEF43D-0D92-4C5C-BBF4-CF57B9475721}.Release|Any CPU.Build.0 = Release|Any CPU
		{5FB55033-4D82-4EA1-A869-AD8DBC6D1EFC}.Debug|Any CPU.ActiveCfg = Debug|Any CPU
		{5FB55033-4D82-4EA1-A869-AD8DBC6D1EFC}.Debug|Any CPU.Build.0 = Debug|Any CPU
		{5FB55033-4D82-4EA1-A869-AD8DBC6D1EFC}.Release|Any CPU.ActiveCfg = Release|Any CPU
		{5FB55033-4D82-4EA1-A869-AD8DBC6D1EFC}.Release|Any CPU.Build.0 = Release|Any CPU
		{55C1B7AF-A7E0-4030-9958-9EEF02807B88}.Debug|Any CPU.ActiveCfg = Debug|Any CPU
		{55C1B7AF-A7E0-4030-9958-9EEF02807B88}.Debug|Any CPU.Build.0 = Debug|Any CPU
		{55C1B7AF-A7E0-4030-9958-9EEF02807B88}.Release|Any CPU.ActiveCfg = Release|Any CPU
		{55C1B7AF-A7E0-4030-9958-9EEF02807B88}.Release|Any CPU.Build.0 = Release|Any CPU
		{092F3675-E841-486D-8F67-8A65E10B80F0}.Debug|Any CPU.ActiveCfg = Debug|Any CPU
		{092F3675-E841-486D-8F67-8A65E10B80F0}.Debug|Any CPU.Build.0 = Debug|Any CPU
		{092F3675-E841-486D-8F67-8A65E10B80F0}.Release|Any CPU.ActiveCfg = Release|Any CPU
		{092F3675-E841-486D-8F67-8A65E10B80F0}.Release|Any CPU.Build.0 = Release|Any CPU
		{E41AED3B-0EA1-4E79-83DF-D76927230F90}.Debug|Any CPU.ActiveCfg = Debug|Any CPU
		{E41AED3B-0EA1-4E79-83DF-D76927230F90}.Debug|Any CPU.Build.0 = Debug|Any CPU
		{E41AED3B-0EA1-4E79-83DF-D76927230F90}.Release|Any CPU.ActiveCfg = Release|Any CPU
		{E41AED3B-0EA1-4E79-83DF-D76927230F90}.Release|Any CPU.Build.0 = Release|Any CPU
		{7A57AC8B-40CF-46EC-B9A8-33A6FBD66ECF}.Debug|Any CPU.ActiveCfg = Debug|Any CPU
		{7A57AC8B-40CF-46EC-B9A8-33A6FBD66ECF}.Debug|Any CPU.Build.0 = Debug|Any CPU
		{7A57AC8B-40CF-46EC-B9A8-33A6FBD66ECF}.Release|Any CPU.ActiveCfg = Release|Any CPU
		{7A57AC8B-40CF-46EC-B9A8-33A6FBD66ECF}.Release|Any CPU.Build.0 = Release|Any CPU
		{139137B1-C87C-4EEB-B003-05D505D75CCB}.Debug|Any CPU.ActiveCfg = Debug|Any CPU
		{139137B1-C87C-4EEB-B003-05D505D75CCB}.Debug|Any CPU.Build.0 = Debug|Any CPU
		{139137B1-C87C-4EEB-B003-05D505D75CCB}.Release|Any CPU.ActiveCfg = Release|Any CPU
		{139137B1-C87C-4EEB-B003-05D505D75CCB}.Release|Any CPU.Build.0 = Release|Any CPU
		{1A15A54F-87EE-4B5B-97F8-150FAF5C0546}.Debug|Any CPU.ActiveCfg = Debug|Any CPU
		{1A15A54F-87EE-4B5B-97F8-150FAF5C0546}.Debug|Any CPU.Build.0 = Debug|Any CPU
		{1A15A54F-87EE-4B5B-97F8-150FAF5C0546}.Release|Any CPU.ActiveCfg = Release|Any CPU
		{1A15A54F-87EE-4B5B-97F8-150FAF5C0546}.Release|Any CPU.Build.0 = Release|Any CPU
		{7F7A05F8-EE6B-4422-B3ED-BE2D2A1F0BBC}.Debug|Any CPU.ActiveCfg = Debug|Any CPU
		{7F7A05F8-EE6B-4422-B3ED-BE2D2A1F0BBC}.Debug|Any CPU.Build.0 = Debug|Any CPU
		{7F7A05F8-EE6B-4422-B3ED-BE2D2A1F0BBC}.Release|Any CPU.ActiveCfg = Release|Any CPU
		{7F7A05F8-EE6B-4422-B3ED-BE2D2A1F0BBC}.Release|Any CPU.Build.0 = Release|Any CPU
		{E0C4034B-7FF0-41BA-93A1-36A1BC0E7A49}.Debug|Any CPU.ActiveCfg = Debug|Any CPU
		{E0C4034B-7FF0-41BA-93A1-36A1BC0E7A49}.Debug|Any CPU.Build.0 = Debug|Any CPU
		{E0C4034B-7FF0-41BA-93A1-36A1BC0E7A49}.Release|Any CPU.ActiveCfg = Release|Any CPU
		{E0C4034B-7FF0-41BA-93A1-36A1BC0E7A49}.Release|Any CPU.Build.0 = Release|Any CPU
		{CA77C181-2887-4E83-A3E7-3C8084C917D0}.Debug|Any CPU.ActiveCfg = Debug|Any CPU
		{CA77C181-2887-4E83-A3E7-3C8084C917D0}.Debug|Any CPU.Build.0 = Debug|Any CPU
		{CA77C181-2887-4E83-A3E7-3C8084C917D0}.Release|Any CPU.ActiveCfg = Release|Any CPU
		{CA77C181-2887-4E83-A3E7-3C8084C917D0}.Release|Any CPU.Build.0 = Release|Any CPU
		{B2DBA301-E0FD-45AC-BB8B-E11C35D6C407}.Debug|Any CPU.ActiveCfg = Debug|Any CPU
		{B2DBA301-E0FD-45AC-BB8B-E11C35D6C407}.Debug|Any CPU.Build.0 = Debug|Any CPU
		{B2DBA301-E0FD-45AC-BB8B-E11C35D6C407}.Release|Any CPU.ActiveCfg = Release|Any CPU
		{B2DBA301-E0FD-45AC-BB8B-E11C35D6C407}.Release|Any CPU.Build.0 = Release|Any CPU
		{18FB8D1B-84FA-45F1-BC4B-FE6FCB3F5A4A}.Debug|Any CPU.ActiveCfg = Debug|Any CPU
		{18FB8D1B-84FA-45F1-BC4B-FE6FCB3F5A4A}.Debug|Any CPU.Build.0 = Debug|Any CPU
		{18FB8D1B-84FA-45F1-BC4B-FE6FCB3F5A4A}.Release|Any CPU.ActiveCfg = Release|Any CPU
		{18FB8D1B-84FA-45F1-BC4B-FE6FCB3F5A4A}.Release|Any CPU.Build.0 = Release|Any CPU
		{116089DE-B605-4318-AA6A-1069A398E74F}.Debug|Any CPU.ActiveCfg = Debug|Any CPU
		{116089DE-B605-4318-AA6A-1069A398E74F}.Debug|Any CPU.Build.0 = Debug|Any CPU
		{116089DE-B605-4318-AA6A-1069A398E74F}.Release|Any CPU.ActiveCfg = Release|Any CPU
		{116089DE-B605-4318-AA6A-1069A398E74F}.Release|Any CPU.Build.0 = Release|Any CPU
		{6FA54E42-C361-4618-9D4D-54C633CABA82}.Debug|Any CPU.ActiveCfg = Debug|Any CPU
		{6FA54E42-C361-4618-9D4D-54C633CABA82}.Debug|Any CPU.Build.0 = Debug|Any CPU
		{6FA54E42-C361-4618-9D4D-54C633CABA82}.Release|Any CPU.ActiveCfg = Release|Any CPU
		{6FA54E42-C361-4618-9D4D-54C633CABA82}.Release|Any CPU.Build.0 = Release|Any CPU
		{66268B3C-51FB-49FA-8B25-47C67F0392F6}.Debug|Any CPU.ActiveCfg = Debug|Any CPU
		{66268B3C-51FB-49FA-8B25-47C67F0392F6}.Debug|Any CPU.Build.0 = Debug|Any CPU
		{66268B3C-51FB-49FA-8B25-47C67F0392F6}.Release|Any CPU.ActiveCfg = Release|Any CPU
		{66268B3C-51FB-49FA-8B25-47C67F0392F6}.Release|Any CPU.Build.0 = Release|Any CPU
		{0FB9BA66-3F0D-4362-BCE3-C00B429A98B5}.Debug|Any CPU.ActiveCfg = Debug|Any CPU
		{0FB9BA66-3F0D-4362-BCE3-C00B429A98B5}.Debug|Any CPU.Build.0 = Debug|Any CPU
		{0FB9BA66-3F0D-4362-BCE3-C00B429A98B5}.Release|Any CPU.ActiveCfg = Release|Any CPU
		{0FB9BA66-3F0D-4362-BCE3-C00B429A98B5}.Release|Any CPU.Build.0 = Release|Any CPU
		{D9C8A3BD-3B29-4529-A7F6-A87892B2C84E}.Debug|Any CPU.ActiveCfg = Debug|Any CPU
		{D9C8A3BD-3B29-4529-A7F6-A87892B2C84E}.Debug|Any CPU.Build.0 = Debug|Any CPU
		{D9C8A3BD-3B29-4529-A7F6-A87892B2C84E}.Release|Any CPU.ActiveCfg = Release|Any CPU
		{D9C8A3BD-3B29-4529-A7F6-A87892B2C84E}.Release|Any CPU.Build.0 = Release|Any CPU
		{80C813E6-FDAA-4442-97A2-622B8C0CA453}.Debug|Any CPU.ActiveCfg = Debug|Any CPU
		{80C813E6-FDAA-4442-97A2-622B8C0CA453}.Debug|Any CPU.Build.0 = Debug|Any CPU
		{80C813E6-FDAA-4442-97A2-622B8C0CA453}.Release|Any CPU.ActiveCfg = Release|Any CPU
		{80C813E6-FDAA-4442-97A2-622B8C0CA453}.Release|Any CPU.Build.0 = Release|Any CPU
	EndGlobalSection
	GlobalSection(SolutionProperties) = preSolution
		HideSolutionNode = FALSE
	EndGlobalSection
	GlobalSection(NestedProjects) = preSolution
		{55BEF43D-0D92-4C5C-BBF4-CF57B9475721} = {339474DE-8195-4C29-BFE1-752B4FD26C61}
		{37030780-9B2F-420A-AA17-8E88813235D1} = {AA3F1F9F-B349-4033-A6E8-DF4BB26CFCDC}
		{65907F24-D27D-462A-B937-BC205A8EE2A8} = {37030780-9B2F-420A-AA17-8E88813235D1}
		{64CD26CD-0ED5-46D6-BF9F-CD090BC3A4A1} = {37030780-9B2F-420A-AA17-8E88813235D1}
		{339474DE-8195-4C29-BFE1-752B4FD26C61} = {37030780-9B2F-420A-AA17-8E88813235D1}
		{5FB55033-4D82-4EA1-A869-AD8DBC6D1EFC} = {65907F24-D27D-462A-B937-BC205A8EE2A8}
		{55C1B7AF-A7E0-4030-9958-9EEF02807B88} = {65907F24-D27D-462A-B937-BC205A8EE2A8}
		{092F3675-E841-486D-8F67-8A65E10B80F0} = {64CD26CD-0ED5-46D6-BF9F-CD090BC3A4A1}
		{8054842D-1AFA-4424-A521-2AEE120E697D} = {AA3F1F9F-B349-4033-A6E8-DF4BB26CFCDC}
		{E41AED3B-0EA1-4E79-83DF-D76927230F90} = {8054842D-1AFA-4424-A521-2AEE120E697D}
		{B4AF12B0-1480-475E-B585-46861D5F9CA6} = {AA3F1F9F-B349-4033-A6E8-DF4BB26CFCDC}
		{F0A54D3A-5CEF-45E4-8FFE-BA8C58FAA28D} = {B4AF12B0-1480-475E-B585-46861D5F9CA6}
		{21481C7F-264B-408A-92F2-533D197C8217} = {B4AF12B0-1480-475E-B585-46861D5F9CA6}
		{7A57AC8B-40CF-46EC-B9A8-33A6FBD66ECF} = {B4AF12B0-1480-475E-B585-46861D5F9CA6}
		{139137B1-C87C-4EEB-B003-05D505D75CCB} = {F0A54D3A-5CEF-45E4-8FFE-BA8C58FAA28D}
		{1A15A54F-87EE-4B5B-97F8-150FAF5C0546} = {F0A54D3A-5CEF-45E4-8FFE-BA8C58FAA28D}
		{7F7A05F8-EE6B-4422-B3ED-BE2D2A1F0BBC} = {21481C7F-264B-408A-92F2-533D197C8217}
		{6C7181E7-760E-4BE9-A5FF-C84DC8D23882} = {AA3F1F9F-B349-4033-A6E8-DF4BB26CFCDC}
		{E0C4034B-7FF0-41BA-93A1-36A1BC0E7A49} = {6C7181E7-760E-4BE9-A5FF-C84DC8D23882}
		{CA77C181-2887-4E83-A3E7-3C8084C917D0} = {0908D29D-CFC2-48E9-BD8D-ECACC15BF214}
		{294D5ABF-E1A2-4EAD-A91C-D39561F578DD} = {AA3F1F9F-B349-4033-A6E8-DF4BB26CFCDC}
		{5E0902A7-E452-4ED3-A818-9C5E58ED9908} = {294D5ABF-E1A2-4EAD-A91C-D39561F578DD}
		{34AA75CC-1A1E-474D-82FB-0B7B85352C99} = {294D5ABF-E1A2-4EAD-A91C-D39561F578DD}
		{B2DBA301-E0FD-45AC-BB8B-E11C35D6C407} = {5E0902A7-E452-4ED3-A818-9C5E58ED9908}
		{18FB8D1B-84FA-45F1-BC4B-FE6FCB3F5A4A} = {5E0902A7-E452-4ED3-A818-9C5E58ED9908}
		{116089DE-B605-4318-AA6A-1069A398E74F} = {34AA75CC-1A1E-474D-82FB-0B7B85352C99}
		{6FA54E42-C361-4618-9D4D-54C633CABA82} = {294D5ABF-E1A2-4EAD-A91C-D39561F578DD}
		{6E951A80-F815-4E3B-9105-E0A8A30070FF} = {AA3F1F9F-B349-4033-A6E8-DF4BB26CFCDC}
		{66268B3C-51FB-49FA-8B25-47C67F0392F6} = {6E951A80-F815-4E3B-9105-E0A8A30070FF}
		{237C9331-95B4-4FBE-9DBB-7033E2A52CBC} = {6E951A80-F815-4E3B-9105-E0A8A30070FF}
		{C7B48838-C614-44CE-B023-0AA1E9FF0DA7} = {6E951A80-F815-4E3B-9105-E0A8A30070FF}
		{0FB9BA66-3F0D-4362-BCE3-C00B429A98B5} = {237C9331-95B4-4FBE-9DBB-7033E2A52CBC}
		{D9C8A3BD-3B29-4529-A7F6-A87892B2C84E} = {237C9331-95B4-4FBE-9DBB-7033E2A52CBC}
		{80C813E6-FDAA-4442-97A2-622B8C0CA453} = {C7B48838-C614-44CE-B023-0AA1E9FF0DA7}
	EndGlobalSection
	GlobalSection(ExtensibilityGlobals) = postSolution
		SolutionGuid = {93238D9B-39B6-420F-A209-B3320E648273}
	EndGlobalSection
EndGlobal
